# This file is automatically @generated by Poetry 2.0.1 and should not be changed by hand.

[[package]]
name = "pyaes"
version = "1.6.1"
description = "Pure-Python Implementation of the AES block-cipher and common modes of operation"
optional = false
python-versions = "*"
groups = ["main"]
files = [
    {file = "pyaes-1.6.1.tar.gz", hash = "sha256:02c1b1405c38d3c370b085fb952dd8bea3fadcee6411ad99f312cc129c536d8f"},
]

[metadata]
lock-version = "2.1"
python-versions = ">=3.10"
content-hash = "f0165bc2c3f7c1adad0a4e707ce5b6cfa285ac2231ef37661fcf4b1abd19c768"
